
Microsoft Visual Studio Solution File, Format Version 12.00
# Visual Studio Version 17
VisualStudioVersion = 17.5.002.0
MinimumVisualStudioVersion = 10.0.40219.1
Project("{9A19103F-16F7-4668-BE54-9A1E7A4F7556}") = "EldenRingQuickPasswd", "EldenRingQuickPasswd.csproj", "{FAE8FA64-8C15-4458-8E10-AA3E0AE6A4CE}"
EndProject
Global
	GlobalSection(SolutionConfigurationPlatforms) = preSolution
		Debug|Any CPU = Debug|Any CPU
		Release|Any CPU = Release|Any CPU
	EndGlobalSection
	GlobalSection(ProjectConfigurationPlatforms) = postSolution
		{FAE8FA64-8C15-4458-8E10-AA3E0AE6A4CE}.Debug|Any CPU.ActiveCfg = Debug|Any CPU
		{FAE8FA64-8C15-4458-8E10-AA3E0AE6A4CE}.Debug|Any CPU.Build.0 = Debug|Any CPU
		{FAE8FA64-8C15-4458-8E10-AA3E0AE6A4CE}.Release|Any CPU.ActiveCfg = Release|Any CPU
		{FAE8FA64-8C15-4458-8E10-AA3E0AE6A4CE}.Release|Any CPU.Build.0 = Release|Any CPU
	EndGlobalSection
	GlobalSection(SolutionProperties) = preSolution
		HideSolutionNode = FALSE
	EndGlobalSection
	GlobalSection(ExtensibilityGlobals) = postSolution
		SolutionGuid = {27161A9E-FEE9-40BA-AA24-AC2DCC77B9E8}
	EndGlobalSection
EndGlobal
