
Microsoft Visual Studio Solution File, Format Version 12.00
# Visual Studio Version 17
VisualStudioVersion = 17.8.34316.72
MinimumVisualStudioVersion = 10.0.40219.1
Project("{FAE04EC0-301F-11D3-BF4B-00C04F79EFBC}") = "EldenRingQuickPasswd", "EldenRingQuickPasswd\EldenRingQuickPasswd.csproj", "{C0011B4F-FD98-45D0-88DC-02DF6396C3B4}"
EndProject
Global
	GlobalSection(SolutionConfigurationPlatforms) = preSolution
		Debug|Any CPU = Debug|Any CPU
		Release|Any CPU = Release|Any CPU
	EndGlobalSection
	GlobalSection(ProjectConfigurationPlatforms) = postSolution
		{C0011B4F-FD98-45D0-88DC-02DF6396C3B4}.Debug|Any CPU.ActiveCfg = Debug|Any CPU
		{C0011B4F-FD98-45D0-88DC-02DF6396C3B4}.Debug|Any CPU.Build.0 = Debug|Any CPU
		{C0011B4F-FD98-45D0-88DC-02DF6396C3B4}.Release|Any CPU.ActiveCfg = Release|Any CPU
		{C0011B4F-FD98-45D0-88DC-02DF6396C3B4}.Release|Any CPU.Build.0 = Release|Any CPU
	EndGlobalSection
	GlobalSection(SolutionProperties) = preSolution
		HideSolutionNode = FALSE
	EndGlobalSection
	GlobalSection(ExtensibilityGlobals) = postSolution
		SolutionGuid = {DF1C53D3-DA79-4356-A446-98EB60D4F5CE}
	EndGlobalSection
EndGlobal
